
Microsoft Visual Studio Solution File, Format Version 12.00
# Visual Studio 15
VisualStudioVersion = 15.0.28307.960
MinimumVisualStudioVersion = 10.0.40219.1
Project("{8BC9CEB8-8B4A-11D0-8D11-00A0C91BC942}") = "Part2-Scrollingbackground", "Part2-Scrollingbackground\Part2-Scrollingbackground.vcxproj", "{D4F3B2C1-EF3B-4909-8853-E68953BB2DAD}"
EndProject
Project("{8BC9CEB8-8B4A-11D0-8D11-00A0C91BC942}") = "Part3-DodgingGame", "Part3-DodgingGame\Part3-DodgingGame.vcxproj", "{489E1BC5-B0F1-46ED-BE96-D3EC6834BC0F}"
EndProject
Project("{8BC9CEB8-8B4A-11D0-8D11-00A0C91BC942}") = "Part1-SpriteSheets2", "Part1-SpriteSheets2\Part1-SpriteSheets2.vcxproj", "{2EBFD32B-F6A9-4B59-8D5A-80CC54B079ED}"
EndProject
Project("{2150E333-8FDC-42A3-9474-1A3956D46DE8}") = "Solution Items", "Solution Items", "{08502364-BA89-436D-A0F7-071FC8E96EAD}"
EndProject
Global
	GlobalSection(SolutionConfigurationPlatforms) = preSolution
		Debug|x64 = Debug|x64
		Debug|x86 = Debug|x86
		Release|x64 = Release|x64
		Release|x86 = Release|x86
	EndGlobalSection
	GlobalSection(ProjectConfigurationPlatforms) = postSolution
		{D4F3B2C1-EF3B-4909-8853-E68953BB2DAD}.Debug|x64.ActiveCfg = Debug|x64
		{D4F3B2C1-EF3B-4909-8853-E68953BB2DAD}.Debug|x64.Build.0 = Debug|x64
		{D4F3B2C1-EF3B-4909-8853-E68953BB2DAD}.Debug|x86.ActiveCfg = Debug|Win32
		{D4F3B2C1-EF3B-4909-8853-E68953BB2DAD}.Debug|x86.Build.0 = Debug|Win32
		{D4F3B2C1-EF3B-4909-8853-E68953BB2DAD}.Release|x64.ActiveCfg = Release|x64
		{D4F3B2C1-EF3B-4909-8853-E68953BB2DAD}.Release|x64.Build.0 = Release|x64
		{D4F3B2C1-EF3B-4909-8853-E68953BB2DAD}.Release|x86.ActiveCfg = Release|Win32
		{D4F3B2C1-EF3B-4909-8853-E68953BB2DAD}.Release|x86.Build.0 = Release|Win32
		{489E1BC5-B0F1-46ED-BE96-D3EC6834BC0F}.Debug|x64.ActiveCfg = Debug|x64
		{489E1BC5-B0F1-46ED-BE96-D3EC6834BC0F}.Debug|x64.Build.0 = Debug|x64
		{489E1BC5-B0F1-46ED-BE96-D3EC6834BC0F}.Debug|x86.ActiveCfg = Debug|Win32
		{489E1BC5-B0F1-46ED-BE96-D3EC6834BC0F}.Debug|x86.Build.0 = Debug|Win32
		{489E1BC5-B0F1-46ED-BE96-D3EC6834BC0F}.Release|x64.ActiveCfg = Release|x64
		{489E1BC5-B0F1-46ED-BE96-D3EC6834BC0F}.Release|x64.Build.0 = Release|x64
		{489E1BC5-B0F1-46ED-BE96-D3EC6834BC0F}.Release|x86.ActiveCfg = Release|Win32
		{489E1BC5-B0F1-46ED-BE96-D3EC6834BC0F}.Release|x86.Build.0 = Release|Win32
		{2EBFD32B-F6A9-4B59-8D5A-80CC54B079ED}.Debug|x64.ActiveCfg = Debug|x64
		{2EBFD32B-F6A9-4B59-8D5A-80CC54B079ED}.Debug|x64.Build.0 = Debug|x64
		{2EBFD32B-F6A9-4B59-8D5A-80CC54B079ED}.Debug|x86.ActiveCfg = Debug|Win32
		{2EBFD32B-F6A9-4B59-8D5A-80CC54B079ED}.Debug|x86.Build.0 = Debug|Win32
		{2EBFD32B-F6A9-4B59-8D5A-80CC54B079ED}.Release|x64.ActiveCfg = Release|x64
		{2EBFD32B-F6A9-4B59-8D5A-80CC54B079ED}.Release|x64.Build.0 = Release|x64
		{2EBFD32B-F6A9-4B59-8D5A-80CC54B079ED}.Release|x86.ActiveCfg = Release|Win32
		{2EBFD32B-F6A9-4B59-8D5A-80CC54B079ED}.Release|x86.Build.0 = Release|Win32
	EndGlobalSection
	GlobalSection(SolutionProperties) = preSolution
		HideSolutionNode = FALSE
	EndGlobalSection
	GlobalSection(ExtensibilityGlobals) = postSolution
		SolutionGuid = {9C5C988D-3F5A-44B3-96F7-3C2FF96A153B}
	EndGlobalSection
EndGlobal
